
Microsoft Visual Studio Solution File, Format Version 12.00
# Visual Studio Version 17
VisualStudioVersion = 17.12.35527.113 d17.12
MinimumVisualStudioVersion = 10.0.40219.1
Project("{FAE04EC0-301F-11D3-BF4B-00C04F79EFBC}") = "SlotMachine", "SlotMachine.csproj", "{D6057A06-4652-4F47-99BF-0B4C635893FC}"
EndProject
Global
	GlobalSection(SolutionConfigurationPlatforms) = preSolution
		Debug|Any CPU = Debug|Any CPU
		Release|Any CPU = Release|Any CPU
	EndGlobalSection
	GlobalSection(ProjectConfigurationPlatforms) = postSolution
		{D6057A06-4652-4F47-99BF-0B4C635893FC}.Debug|Any CPU.ActiveCfg = Debug|Any CPU
		{D6057A06-4652-4F47-99BF-0B4C635893FC}.Debug|Any CPU.Build.0 = Debug|Any CPU
		{D6057A06-4652-4F47-99BF-0B4C635893FC}.Release|Any CPU.ActiveCfg = Release|Any CPU
		{D6057A06-4652-4F47-99BF-0B4C635893FC}.Release|Any CPU.Build.0 = Release|Any CPU
	EndGlobalSection
	GlobalSection(SolutionProperties) = preSolution
		HideSolutionNode = FALSE
	EndGlobalSection
EndGlobal
